{
  "name": "ExportBridgeWeb_test",
  "lockfileVersion": 3,
  "requires": true,
  "packages": {
    "vendor/symfony/ux-turbo/assets": {
      "name": "@symfony/ux-turbo",
      "version": "2.33.0",
      "extraneous": true,
      "license": "MIT",
      "devDependencies": {
        "@hotwired/stimulus": "^3.0.0",
        "@hotwired/turbo": "^7.1.0 || ^8.0",
        "@testing-library/dom": "^10.4.0",
        "@testing-library/jest-dom": "^6.6.3",
        "@testing-library/user-event": "^14.6.1",
        "@types/hotwired__turbo": "^8.0.4",
        "jsdom": "^26.1.0",
        "tslib": "^2.8.1",
        "typescript": "^5.8.3",
        "vitest": "^4.1.0"
      },
      "peerDependencies": {
        "@hotwired/stimulus": "^3.0.0",
        "@hotwired/turbo": "^7.1.0 || ^8.0"
      }
    }
  }
}
